
Microsoft Visual Studio Solution File, Format Version 12.00
# Visual Studio 15
VisualStudioVersion = 15.0.28010.2026
MinimumVisualStudioVersion = 10.0.40219.1
Project("{FAE04EC0-301F-11D3-BF4B-00C04F79EFBC}") = "mdsCLS", "mdsCLS\mdsCLS.csproj", "{CDD042EB-4564-4063-8AEC-C265185027BB}"
EndProject
Project("{FAE04EC0-301F-11D3-BF4B-00C04F79EFBC}") = "mdsCNSL", "mdsCNSL\mdsCNSL.csproj", "{30F8123A-170B-4EC6-A633-52422DFBEFC9}"
EndProject
Project("{FAE04EC0-301F-11D3-BF4B-00C04F79EFBC}") = "mdsTST", "mdsTST\mdsTST.csproj", "{144F2374-7768-4D39-9549-AE3431973EFD}"
EndProject
Global
	GlobalSection(SolutionConfigurationPlatforms) = preSolution
		Debug|Any CPU = Debug|Any CPU
		Release|Any CPU = Release|Any CPU
	EndGlobalSection
	GlobalSection(ProjectConfigurationPlatforms) = postSolution
		{CDD042EB-4564-4063-8AEC-C265185027BB}.Debug|Any CPU.ActiveCfg = Debug|Any CPU
		{CDD042EB-4564-4063-8AEC-C265185027BB}.Debug|Any CPU.Build.0 = Debug|Any CPU
		{CDD042EB-4564-4063-8AEC-C265185027BB}.Release|Any CPU.ActiveCfg = Release|Any CPU
		{CDD042EB-4564-4063-8AEC-C265185027BB}.Release|Any CPU.Build.0 = Release|Any CPU
		{30F8123A-170B-4EC6-A633-52422DFBEFC9}.Debug|Any CPU.ActiveCfg = Debug|Any CPU
		{30F8123A-170B-4EC6-A633-52422DFBEFC9}.Debug|Any CPU.Build.0 = Debug|Any CPU
		{30F8123A-170B-4EC6-A633-52422DFBEFC9}.Release|Any CPU.ActiveCfg = Release|Any CPU
		{30F8123A-170B-4EC6-A633-52422DFBEFC9}.Release|Any CPU.Build.0 = Release|Any CPU
		{144F2374-7768-4D39-9549-AE3431973EFD}.Debug|Any CPU.ActiveCfg = Debug|Any CPU
		{144F2374-7768-4D39-9549-AE3431973EFD}.Debug|Any CPU.Build.0 = Debug|Any CPU
		{144F2374-7768-4D39-9549-AE3431973EFD}.Release|Any CPU.ActiveCfg = Release|Any CPU
		{144F2374-7768-4D39-9549-AE3431973EFD}.Release|Any CPU.Build.0 = Release|Any CPU
	EndGlobalSection
	GlobalSection(SolutionProperties) = preSolution
		HideSolutionNode = FALSE
	EndGlobalSection
	GlobalSection(ExtensibilityGlobals) = postSolution
		SolutionGuid = {6C712B7B-4D38-4EF1-9278-0F7DB6DA4912}
	EndGlobalSection
EndGlobal
